
Microsoft Visual Studio Solution File, Format Version 12.00
# Visual Studio Version 17
VisualStudioVersion = 17.7.34202.233
MinimumVisualStudioVersion = 10.0.40219.1
Project("{FAE04EC0-301F-11D3-BF4B-00C04F79EFBC}") = "StrongSite", "StrongSite\StrongSite.csproj", "{9BB2D0F3-22FA-488C-A46F-7CEE7D8DB4AF}"
EndProject
Global
	GlobalSection(SolutionConfigurationPlatforms) = preSolution
		Debug|Any CPU = Debug|Any CPU
		Release|Any CPU = Release|Any CPU
	EndGlobalSection
	GlobalSection(ProjectConfigurationPlatforms) = postSolution
		{9BB2D0F3-22FA-488C-A46F-7CEE7D8DB4AF}.Debug|Any CPU.ActiveCfg = Debug|Any CPU
		{9BB2D0F3-22FA-488C-A46F-7CEE7D8DB4AF}.Debug|Any CPU.Build.0 = Debug|Any CPU
		{9BB2D0F3-22FA-488C-A46F-7CEE7D8DB4AF}.Release|Any CPU.ActiveCfg = Release|Any CPU
		{9BB2D0F3-22FA-488C-A46F-7CEE7D8DB4AF}.Release|Any CPU.Build.0 = Release|Any CPU
	EndGlobalSection
	GlobalSection(SolutionProperties) = preSolution
		HideSolutionNode = FALSE
	EndGlobalSection
	GlobalSection(ExtensibilityGlobals) = postSolution
		SolutionGuid = {970385AE-2166-467B-8376-08A0CA6E9A18}
	EndGlobalSection
EndGlobal
